{
  "name": "create-react",
  "version": "0.0.1",
  "lockfileVersion": 1,
  "requires": true,
  "dependencies": {
    "ansi-escapes": {
      "version": "1.4.0",
      "resolved": "http://r.cnpmjs.org/ansi-escapes/download/ansi-escapes-1.4.0.tgz",
      "integrity": "sha1-06ioOzGapneTZisT52HHkRQiMG4=",
      "dev": true
    },
    "ansi-styles": {
      "version": "3.1.0",
      "resolved": "http://r.cnpmjs.org/ansi-styles/download/ansi-styles-3.1.0.tgz",
      "integrity": "sha1-CcIC1ckX7CMYjKpcnLkXnNlUd1A=",
      "dev": true,
      "requires": {
        "color-convert": "1.9.0"
      }
    },
    "color-convert": {
      "version": "1.9.0",
      "resolved": "http://r.cnpmjs.org/color-convert/download/color-convert-1.9.0.tgz",
      "integrity": "sha1-Gsz5fdc5uYO/mU1W/sj5WFNkG3o=",
      "dev": true,
      "requires": {
        "color-name": "1.1.2"
      }
    },
    "color-name": {
      "version": "1.1.2",
      "resolved": "http://r.cnpmjs.org/color-name/download/color-name-1.1.2.tgz",
      "integrity": "sha1-XIq3K2S9IhXWF66VWeuxSEdc+Y0=",
      "dev": true
    },
    "define-properties": {
      "version": "1.1.2",
      "resolved": "http://r.cnpmjs.org/define-properties/download/define-properties-1.1.2.tgz",
      "integrity": "sha1-g6c/L+pWmJj7c3GTyPhzyvbUXJQ=",
      "dev": true,
      "requires": {
        "foreach": "2.0.5",
        "object-keys": "1.0.11"
      }
    },
    "foreach": {
      "version": "2.0.5",
      "resolved": "http://r.cnpmjs.org/foreach/download/foreach-2.0.5.tgz",
      "integrity": "sha1-C+4AUBiusmDQo6865ljdATbsG5k=",
      "dev": true
    },
    "function-bind": {
      "version": "1.1.0",
      "resolved": "http://r.cnpmjs.org/function-bind/download/function-bind-1.1.0.tgz",
      "integrity": "sha1-FhdnFMgBeY5Ojyz391KUZ7tKV3E=",
      "dev": true
    },
    "nyan-progress-webpack-plugin": {
      "version": "1.2.0",
      "resolved": "http://r.cnpmjs.org/nyan-progress-webpack-plugin/download/nyan-progress-webpack-plugin-1.2.0.tgz",
      "integrity": "sha1-zwUrmZHZhkDHhuUiTbmHJTEAhr4=",
      "dev": true,
      "requires": {
        "ansi-escapes": "1.4.0",
        "ansi-styles": "3.1.0",
        "object.assign": "4.0.4"
      }
    },
    "object-keys": {
      "version": "1.0.11",
      "resolved": "http://r.cnpmjs.org/object-keys/download/object-keys-1.0.11.tgz",
      "integrity": "sha1-xUYBd4rVYPEULODgG8yotW0TQm0=",
      "dev": true
    },
    "object.assign": {
      "version": "4.0.4",
      "resolved": "http://r.cnpmjs.org/object.assign/download/object.assign-4.0.4.tgz",
      "integrity": "sha1-scnMBE7xuf5jYG/BQau7MuFHMMw=",
      "dev": true,
      "requires": {
        "define-properties": "1.1.2",
        "function-bind": "1.1.0",
        "object-keys": "1.0.11"
      }
    }
  }
}
